Microsoft Visual Studio Solution File, Format Version 12.00
# Visual Studio Version 16
VisualStudioVersion = 16.0.28315.86
MinimumVisualStudioVersion = 10.0.40219.1
Project("{FAE04EC0-301F-11D3-BF4B-00C04F79EFBC}") = "PokeDaniel.Android", "PokeDaniel.Android\PokeDaniel.Android.csproj", "{8389323F-0450-4415-89C1-8CF2B34D3A12}"
EndProject
Project("{FAE04EC0-301F-11D3-BF4B-00C04F79EFBC}") = "PokeDaniel.iOS", "PokeDaniel.iOS\PokeDaniel.iOS.csproj", "{C09AE6C2-8F4B-45D0-8B8B-DBC1754F1463}"
EndProject
Project("{FAE04EC0-301F-11D3-BF4B-00C04F79EFBC}") = "PokeDaniel.UITests", "PokeDaniel.UITests\PokeDaniel.UITests.csproj", "{B19C892E-2628-4CA7-AD27-08D406A3B14B}"
EndProject
Project("{D954291E-2A0B-460D-934E-DC6B0785DB48}") = "PokeDaniel", "PokeDaniel\PokeDaniel.shproj", "{39C88BAD-F053-45AC-92CA-408FFD65F8AC}"
EndProject
Project("{9A19103F-16F7-4668-BE54-9A1E7A4F7556}") = "PokeDaniel.Common", "PokeDaniel.Common\PokeDaniel.Common.csproj", "{C4C88CFA-E4C9-4E45-8D43-ED142A53CF9E}"
EndProject
Project("{9A19103F-16F7-4668-BE54-9A1E7A4F7556}") = "PokeDaniel.Server", "PokeDaniel.Server\PokeDaniel.Server.csproj", "{FC0B8042-3323-4F7A-BD5C-F91121EE65CE}"
EndProject
Project("{9A19103F-16F7-4668-BE54-9A1E7A4F7556}") = "PokeDaniel.Client", "PokeDaniel.Client\PokeDaniel.Client.csproj", "{53089187-C7EF-4F9A-9981-77CFD5BBE436}"
EndProject
Project("{9A19103F-16F7-4668-BE54-9A1E7A4F7556}") = "PokeDaniel.Core", "PokeDaniel.Core\PokeDaniel.Core.csproj", "{C5D10D03-DDDB-41FE-BF72-B7DFD95EF174}"
EndProject
Global
	GlobalSection(SharedMSBuildProjectFiles) = preSolution
		PokeDaniel\PokeDaniel.projitems*{39c88bad-f053-45ac-92ca-408ffd65f8ac}*SharedItemsImports = 13
		PokeDaniel\PokeDaniel.projitems*{8389323f-0450-4415-89c1-8cf2b34d3a12}*SharedItemsImports = 4
		PokeDaniel\PokeDaniel.projitems*{c09ae6c2-8f4b-45d0-8b8b-dbc1754f1463}*SharedItemsImports = 4
	EndGlobalSection
	GlobalSection(SolutionConfigurationPlatforms) = preSolution
		Ad-Hoc|Any CPU = Ad-Hoc|Any CPU
		Ad-Hoc|iPhone = Ad-Hoc|iPhone
		Ad-Hoc|iPhoneSimulator = Ad-Hoc|iPhoneSimulator
		AppStore|Any CPU = AppStore|Any CPU
		AppStore|iPhone = AppStore|iPhone
		AppStore|iPhoneSimulator = AppStore|iPhoneSimulator
		Debug|Any CPU = Debug|Any CPU
		Debug|iPhone = Debug|iPhone
		Debug|iPhoneSimulator = Debug|iPhoneSimulator
		Release|Any CPU = Release|Any CPU
		Release|iPhone = Release|iPhone
		Release|iPhoneSimulator = Release|iPhoneSimulator
	EndGlobalSection
	GlobalSection(ProjectConfigurationPlatforms) = postSolution
		{8389323F-0450-4415-89C1-8CF2B34D3A12}.Ad-Hoc|Any CPU.ActiveCfg = Release|Any CPU
		{8389323F-0450-4415-89C1-8CF2B34D3A12}.Ad-Hoc|Any CPU.Build.0 = Release|Any CPU
		{8389323F-0450-4415-89C1-8CF2B34D3A12}.Ad-Hoc|Any CPU.Deploy.0 = Release|Any CPU
		{8389323F-0450-4415-89C1-8CF2B34D3A12}.Ad-Hoc|iPhone.ActiveCfg = Debug|Any CPU
		{8389323F-0450-4415-89C1-8CF2B34D3A12}.Ad-Hoc|iPhone.Build.0 = Debug|Any CPU
		{8389323F-0450-4415-89C1-8CF2B34D3A12}.Ad-Hoc|iPhoneSimulator.ActiveCfg = Release|Any CPU
		{8389323F-0450-4415-89C1-8CF2B34D3A12}.Ad-Hoc|iPhoneSimulator.Build.0 = Release|Any CPU
		{8389323F-0450-4415-89C1-8CF2B34D3A12}.Ad-Hoc|iPhoneSimulator.Deploy.0 = Release|Any CPU
		{8389323F-0450-4415-89C1-8CF2B34D3A12}.AppStore|Any CPU.ActiveCfg = Release|Any CPU
		{8389323F-0450-4415-89C1-8CF2B34D3A12}.AppStore|Any CPU.Build.0 = Release|Any CPU
		{8389323F-0450-4415-89C1-8CF2B34D3A12}.AppStore|Any CPU.Deploy.0 = Release|Any CPU
		{8389323F-0450-4415-89C1-8CF2B34D3A12}.AppStore|iPhone.ActiveCfg = Debug|Any CPU
		{8389323F-0450-4415-89C1-8CF2B34D3A12}.AppStore|iPhone.Build.0 = Debug|Any CPU
		{8389323F-0450-4415-89C1-8CF2B34D3A12}.AppStore|iPhoneSimulator.ActiveCfg = Release|Any CPU
		{8389323F-0450-4415-89C1-8CF2B34D3A12}.AppStore|iPhoneSimulator.Build.0 = Release|Any CPU
		{8389323F-0450-4415-89C1-8CF2B34D3A12}.AppStore|iPhoneSimulator.Deploy.0 = Release|Any CPU
		{8389323F-0450-4415-89C1-8CF2B34D3A12}.Debug|Any CPU.ActiveCfg = Debug|Any CPU
		{8389323F-0450-4415-89C1-8CF2B34D3A12}.Debug|Any CPU.Build.0 = Debug|Any CPU
		{8389323F-0450-4415-89C1-8CF2B34D3A12}.Debug|iPhone.ActiveCfg = Debug|Any CPU
		{8389323F-0450-4415-89C1-8CF2B34D3A12}.Debug|iPhone.Build.0 = Debug|Any CPU
		{8389323F-0450-4415-89C1-8CF2B34D3A12}.Debug|iPhoneSimulator.ActiveCfg = Debug|Any CPU
		{8389323F-0450-4415-89C1-8CF2B34D3A12}.Debug|iPhoneSimulator.Build.0 = Debug|Any CPU
		{8389323F-0450-4415-89C1-8CF2B34D3A12}.Release|Any CPU.ActiveCfg = Release|Any CPU
		{8389323F-0450-4415-89C1-8CF2B34D3A12}.Release|Any CPU.Build.0 = Release|Any CPU
		{8389323F-0450-4415-89C1-8CF2B34D3A12}.Release|iPhone.ActiveCfg = Release|Any CPU
		{8389323F-0450-4415-89C1-8CF2B34D3A12}.Release|iPhone.Build.0 = Release|Any CPU
		{8389323F-0450-4415-89C1-8CF2B34D3A12}.Release|iPhoneSimulator.ActiveCfg = Release|Any CPU
		{8389323F-0450-4415-89C1-8CF2B34D3A12}.Release|iPhoneSimulator.Build.0 = Release|Any CPU
		{C09AE6C2-8F4B-45D0-8B8B-DBC1754F1463}.Ad-Hoc|Any CPU.ActiveCfg = Ad-Hoc|iPhoneSimulator
		{C09AE6C2-8F4B-45D0-8B8B-DBC1754F1463}.Ad-Hoc|iPhone.ActiveCfg = Ad-Hoc|iPhone
		{C09AE6C2-8F4B-45D0-8B8B-DBC1754F1463}.Ad-Hoc|iPhone.Build.0 = Ad-Hoc|iPhone
		{C09AE6C2-8F4B-45D0-8B8B-DBC1754F1463}.Ad-Hoc|iPhoneSimulator.ActiveCfg = Ad-Hoc|iPhoneSimulator
		{C09AE6C2-8F4B-45D0-8B8B-DBC1754F1463}.Ad-Hoc|iPhoneSimulator.Build.0 = Ad-Hoc|iPhoneSimulator
		{C09AE6C2-8F4B-45D0-8B8B-DBC1754F1463}.AppStore|Any CPU.ActiveCfg = AppStore|iPhoneSimulator
		{C09AE6C2-8F4B-45D0-8B8B-DBC1754F1463}.AppStore|iPhone.ActiveCfg = AppStore|iPhone
		{C09AE6C2-8F4B-45D0-8B8B-DBC1754F1463}.AppStore|iPhone.Build.0 = AppStore|iPhone
		{C09AE6C2-8F4B-45D0-8B8B-DBC1754F1463}.AppStore|iPhoneSimulator.ActiveCfg = AppStore|iPhoneSimulator
		{C09AE6C2-8F4B-45D0-8B8B-DBC1754F1463}.AppStore|iPhoneSimulator.Build.0 = AppStore|iPhoneSimulator
		{C09AE6C2-8F4B-45D0-8B8B-DBC1754F1463}.Debug|Any CPU.ActiveCfg = Debug|iPhoneSimulator
		{C09AE6C2-8F4B-45D0-8B8B-DBC1754F1463}.Debug|Any CPU.Build.0 = Debug|iPhoneSimulator
		{C09AE6C2-8F4B-45D0-8B8B-DBC1754F1463}.Debug|iPhone.ActiveCfg = Debug|iPhone
		{C09AE6C2-8F4B-45D0-8B8B-DBC1754F1463}.Debug|iPhone.Build.0 = Debug|iPhone
		{C09AE6C2-8F4B-45D0-8B8B-DBC1754F1463}.Debug|iPhoneSimulator.ActiveCfg = Debug|iPhoneSimulator
		{C09AE6C2-8F4B-45D0-8B8B-DBC1754F1463}.Debug|iPhoneSimulator.Build.0 = Debug|iPhoneSimulator
		{C09AE6C2-8F4B-45D0-8B8B-DBC1754F1463}.Release|Any CPU.ActiveCfg = Release|iPhoneSimulator
		{C09AE6C2-8F4B-45D0-8B8B-DBC1754F1463}.Release|Any CPU.Build.0 = Release|iPhoneSimulator
		{C09AE6C2-8F4B-45D0-8B8B-DBC1754F1463}.Release|iPhone.ActiveCfg = Release|iPhone
		{C09AE6C2-8F4B-45D0-8B8B-DBC1754F1463}.Release|iPhone.Build.0 = Release|iPhone
		{C09AE6C2-8F4B-45D0-8B8B-DBC1754F1463}.Release|iPhoneSimulator.ActiveCfg = Release|iPhoneSimulator
		{C09AE6C2-8F4B-45D0-8B8B-DBC1754F1463}.Release|iPhoneSimulator.Build.0 = Release|iPhoneSimulator
		{B19C892E-2628-4CA7-AD27-08D406A3B14B}.Ad-Hoc|Any CPU.ActiveCfg = Release|Any CPU
		{B19C892E-2628-4CA7-AD27-08D406A3B14B}.Ad-Hoc|Any CPU.Build.0 = Release|Any CPU
		{B19C892E-2628-4CA7-AD27-08D406A3B14B}.Ad-Hoc|iPhone.ActiveCfg = Debug|Any CPU
		{B19C892E-2628-4CA7-AD27-08D406A3B14B}.Ad-Hoc|iPhone.Build.0 = Debug|Any CPU
		{B19C892E-2628-4CA7-AD27-08D406A3B14B}.Ad-Hoc|iPhoneSimulator.ActiveCfg = Release|Any CPU
		{B19C892E-2628-4CA7-AD27-08D406A3B14B}.Ad-Hoc|iPhoneSimulator.Build.0 = Release|Any CPU
		{B19C892E-2628-4CA7-AD27-08D406A3B14B}.AppStore|Any CPU.ActiveCfg = Release|Any CPU
		{B19C892E-2628-4CA7-AD27-08D406A3B14B}.AppStore|Any CPU.Build.0 = Release|Any CPU
		{B19C892E-2628-4CA7-AD27-08D406A3B14B}.AppStore|iPhone.ActiveCfg = Debug|Any CPU
		{B19C892E-2628-4CA7-AD27-08D406A3B14B}.AppStore|iPhone.Build.0 = Debug|Any CPU
		{B19C892E-2628-4CA7-AD27-08D406A3B14B}.AppStore|iPhoneSimulator.ActiveCfg = Release|Any CPU
		{B19C892E-2628-4CA7-AD27-08D406A3B14B}.AppStore|iPhoneSimulator.Build.0 = Release|Any CPU
		{B19C892E-2628-4CA7-AD27-08D406A3B14B}.Debug|Any CPU.ActiveCfg = Debug|Any CPU
		{B19C892E-2628-4CA7-AD27-08D406A3B14B}.Debug|Any CPU.Build.0 = Debug|Any CPU
		{B19C892E-2628-4CA7-AD27-08D406A3B14B}.Debug|iPhone.ActiveCfg = Debug|Any CPU
		{B19C892E-2628-4CA7-AD27-08D406A3B14B}.Debug|iPhone.Build.0 = Debug|Any CPU
		{B19C892E-2628-4CA7-AD27-08D406A3B14B}.Debug|iPhoneSimulator.ActiveCfg = Debug|Any CPU
		{B19C892E-2628-4CA7-AD27-08D406A3B14B}.Debug|iPhoneSimulator.Build.0 = Debug|Any CPU
		{B19C892E-2628-4CA7-AD27-08D406A3B14B}.Release|Any CPU.ActiveCfg = Release|Any CPU
		{B19C892E-2628-4CA7-AD27-08D406A3B14B}.Release|Any CPU.Build.0 = Release|Any CPU
		{B19C892E-2628-4CA7-AD27-08D406A3B14B}.Release|iPhone.ActiveCfg = Release|Any CPU
		{B19C892E-2628-4CA7-AD27-08D406A3B14B}.Release|iPhone.Build.0 = Release|Any CPU
		{B19C892E-2628-4CA7-AD27-08D406A3B14B}.Release|iPhoneSimulator.ActiveCfg = Release|Any CPU
		{B19C892E-2628-4CA7-AD27-08D406A3B14B}.Release|iPhoneSimulator.Build.0 = Release|Any CPU
		{C4C88CFA-E4C9-4E45-8D43-ED142A53CF9E}.Ad-Hoc|Any CPU.ActiveCfg = Release|Any CPU
		{C4C88CFA-E4C9-4E45-8D43-ED142A53CF9E}.Ad-Hoc|Any CPU.Build.0 = Release|Any CPU
		{C4C88CFA-E4C9-4E45-8D43-ED142A53CF9E}.Ad-Hoc|iPhone.ActiveCfg = Debug|Any CPU
		{C4C88CFA-E4C9-4E45-8D43-ED142A53CF9E}.Ad-Hoc|iPhone.Build.0 = Debug|Any CPU
		{C4C88CFA-E4C9-4E45-8D43-ED142A53CF9E}.Ad-Hoc|iPhoneSimulator.ActiveCfg = Release|Any CPU
		{C4C88CFA-E4C9-4E45-8D43-ED142A53CF9E}.Ad-Hoc|iPhoneSimulator.Build.0 = Release|Any CPU
		{C4C88CFA-E4C9-4E45-8D43-ED142A53CF9E}.AppStore|Any CPU.ActiveCfg = Release|Any CPU
		{C4C88CFA-E4C9-4E45-8D43-ED142A53CF9E}.AppStore|Any CPU.Build.0 = Release|Any CPU
		{C4C88CFA-E4C9-4E45-8D43-ED142A53CF9E}.AppStore|iPhone.ActiveCfg = Debug|Any CPU
		{C4C88CFA-E4C9-4E45-8D43-ED142A53CF9E}.AppStore|iPhone.Build.0 = Debug|Any CPU
		{C4C88CFA-E4C9-4E45-8D43-ED142A53CF9E}.AppStore|iPhoneSimulator.ActiveCfg = Release|Any CPU
		{C4C88CFA-E4C9-4E45-8D43-ED142A53CF9E}.AppStore|iPhoneSimulator.Build.0 = Release|Any CPU
		{C4C88CFA-E4C9-4E45-8D43-ED142A53CF9E}.Debug|Any CPU.ActiveCfg = Debug|Any CPU
		{C4C88CFA-E4C9-4E45-8D43-ED142A53CF9E}.Debug|Any CPU.Build.0 = Debug|Any CPU
		{C4C88CFA-E4C9-4E45-8D43-ED142A53CF9E}.Debug|iPhone.ActiveCfg = Debug|Any CPU
		{C4C88CFA-E4C9-4E45-8D43-ED142A53CF9E}.Debug|iPhone.Build.0 = Debug|Any CPU
		{C4C88CFA-E4C9-4E45-8D43-ED142A53CF9E}.Debug|iPhoneSimulator.ActiveCfg = Debug|Any CPU
		{C4C88CFA-E4C9-4E45-8D43-ED142A53CF9E}.Debug|iPhoneSimulator.Build.0 = Debug|Any CPU
		{C4C88CFA-E4C9-4E45-8D43-ED142A53CF9E}.Release|Any CPU.ActiveCfg = Release|Any CPU
		{C4C88CFA-E4C9-4E45-8D43-ED142A53CF9E}.Release|Any CPU.Build.0 = Release|Any CPU
		{C4C88CFA-E4C9-4E45-8D43-ED142A53CF9E}.Release|iPhone.ActiveCfg = Release|Any CPU
		{C4C88CFA-E4C9-4E45-8D43-ED142A53CF9E}.Release|iPhone.Build.0 = Release|Any CPU
		{C4C88CFA-E4C9-4E45-8D43-ED142A53CF9E}.Release|iPhoneSimulator.ActiveCfg = Release|Any CPU
		{C4C88CFA-E4C9-4E45-8D43-ED142A53CF9E}.Release|iPhoneSimulator.Build.0 = Release|Any CPU
		{FC0B8042-3323-4F7A-BD5C-F91121EE65CE}.Ad-Hoc|Any CPU.ActiveCfg = Debug|Any CPU
		{FC0B8042-3323-4F7A-BD5C-F91121EE65CE}.Ad-Hoc|Any CPU.Build.0 = Debug|Any CPU
		{FC0B8042-3323-4F7A-BD5C-F91121EE65CE}.Ad-Hoc|iPhone.ActiveCfg = Debug|Any CPU
		{FC0B8042-3323-4F7A-BD5C-F91121EE65CE}.Ad-Hoc|iPhone.Build.0 = Debug|Any CPU
		{FC0B8042-3323-4F7A-BD5C-F91121EE65CE}.Ad-Hoc|iPhoneSimulator.ActiveCfg = Debug|Any CPU
		{FC0B8042-3323-4F7A-BD5C-F91121EE65CE}.Ad-Hoc|iPhoneSimulator.Build.0 = Debug|Any CPU
		{FC0B8042-3323-4F7A-BD5C-F91121EE65CE}.AppStore|Any CPU.ActiveCfg = Debug|Any CPU
		{FC0B8042-3323-4F7A-BD5C-F91121EE65CE}.AppStore|Any CPU.Build.0 = Debug|Any CPU
		{FC0B8042-3323-4F7A-BD5C-F91121EE65CE}.AppStore|iPhone.ActiveCfg = Debug|Any CPU
		{FC0B8042-3323-4F7A-BD5C-F91121EE65CE}.AppStore|iPhone.Build.0 = Debug|Any CPU
		{FC0B8042-3323-4F7A-BD5C-F91121EE65CE}.AppStore|iPhoneSimulator.ActiveCfg = Debug|Any CPU
		{FC0B8042-3323-4F7A-BD5C-F91121EE65CE}.AppStore|iPhoneSimulator.Build.0 = Debug|Any CPU
		{FC0B8042-3323-4F7A-BD5C-F91121EE65CE}.Debug|Any CPU.ActiveCfg = Debug|Any CPU
		{FC0B8042-3323-4F7A-BD5C-F91121EE65CE}.Debug|Any CPU.Build.0 = Debug|Any CPU
		{FC0B8042-3323-4F7A-BD5C-F91121EE65CE}.Debug|iPhone.ActiveCfg = Debug|Any CPU
		{FC0B8042-3323-4F7A-BD5C-F91121EE65CE}.Debug|iPhone.Build.0 = Debug|Any CPU
		{FC0B8042-3323-4F7A-BD5C-F91121EE65CE}.Debug|iPhoneSimulator.ActiveCfg = Debug|Any CPU
		{FC0B8042-3323-4F7A-BD5C-F91121EE65CE}.Debug|iPhoneSimulator.Build.0 = Debug|Any CPU
		{FC0B8042-3323-4F7A-BD5C-F91121EE65CE}.Release|Any CPU.ActiveCfg = Release|Any CPU
		{FC0B8042-3323-4F7A-BD5C-F91121EE65CE}.Release|Any CPU.Build.0 = Release|Any CPU
		{FC0B8042-3323-4F7A-BD5C-F91121EE65CE}.Release|iPhone.ActiveCfg = Release|Any CPU
		{FC0B8042-3323-4F7A-BD5C-F91121EE65CE}.Release|iPhone.Build.0 = Release|Any CPU
		{FC0B8042-3323-4F7A-BD5C-F91121EE65CE}.Release|iPhoneSimulator.ActiveCfg = Release|Any CPU
		{FC0B8042-3323-4F7A-BD5C-F91121EE65CE}.Release|iPhoneSimulator.Build.0 = Release|Any CPU
		{53089187-C7EF-4F9A-9981-77CFD5BBE436}.Ad-Hoc|Any CPU.ActiveCfg = Debug|Any CPU
		{53089187-C7EF-4F9A-9981-77CFD5BBE436}.Ad-Hoc|Any CPU.Build.0 = Debug|Any CPU
		{53089187-C7EF-4F9A-9981-77CFD5BBE436}.Ad-Hoc|iPhone.ActiveCfg = Debug|Any CPU
		{53089187-C7EF-4F9A-9981-77CFD5BBE436}.Ad-Hoc|iPhone.Build.0 = Debug|Any CPU
		{53089187-C7EF-4F9A-9981-77CFD5BBE436}.Ad-Hoc|iPhoneSimulator.ActiveCfg = Debug|Any CPU
		{53089187-C7EF-4F9A-9981-77CFD5BBE436}.Ad-Hoc|iPhoneSimulator.Build.0 = Debug|Any CPU
		{53089187-C7EF-4F9A-9981-77CFD5BBE436}.AppStore|Any CPU.ActiveCfg = Debug|Any CPU
		{53089187-C7EF-4F9A-9981-77CFD5BBE436}.AppStore|Any CPU.Build.0 = Debug|Any CPU
		{53089187-C7EF-4F9A-9981-77CFD5BBE436}.AppStore|iPhone.ActiveCfg = Debug|Any CPU
		{53089187-C7EF-4F9A-9981-77CFD5BBE436}.AppStore|iPhone.Build.0 = Debug|Any CPU
		{53089187-C7EF-4F9A-9981-77CFD5BBE436}.AppStore|iPhoneSimulator.ActiveCfg = Debug|Any CPU
		{53089187-C7EF-4F9A-9981-77CFD5BBE436}.AppStore|iPhoneSimulator.Build.0 = Debug|Any CPU
		{53089187-C7EF-4F9A-9981-77CFD5BBE436}.Debug|Any CPU.ActiveCfg = Debug|Any CPU
		{53089187-C7EF-4F9A-9981-77CFD5BBE436}.Debug|Any CPU.Build.0 = Debug|Any CPU
		{53089187-C7EF-4F9A-9981-77CFD5BBE436}.Debug|iPhone.ActiveCfg = Debug|Any CPU
		{53089187-C7EF-4F9A-9981-77CFD5BBE436}.Debug|iPhone.Build.0 = Debug|Any CPU
		{53089187-C7EF-4F9A-9981-77CFD5BBE436}.Debug|iPhoneSimulator.ActiveCfg = Debug|Any CPU
		{53089187-C7EF-4F9A-9981-77CFD5BBE436}.Debug|iPhoneSimulator.Build.0 = Debug|Any CPU
		{53089187-C7EF-4F9A-9981-77CFD5BBE436}.Release|Any CPU.ActiveCfg = Release|Any CPU
		{53089187-C7EF-4F9A-9981-77CFD5BBE436}.Release|Any CPU.Build.0 = Release|Any CPU
		{53089187-C7EF-4F9A-9981-77CFD5BBE436}.Release|iPhone.ActiveCfg = Release|Any CPU
		{53089187-C7EF-4F9A-9981-77CFD5BBE436}.Release|iPhone.Build.0 = Release|Any CPU
		{53089187-C7EF-4F9A-9981-77CFD5BBE436}.Release|iPhoneSimulator.ActiveCfg = Release|Any CPU
		{53089187-C7EF-4F9A-9981-77CFD5BBE436}.Release|iPhoneSimulator.Build.0 = Release|Any CPU
		{C5D10D03-DDDB-41FE-BF72-B7DFD95EF174}.Ad-Hoc|Any CPU.ActiveCfg = Debug|Any CPU
		{C5D10D03-DDDB-41FE-BF72-B7DFD95EF174}.Ad-Hoc|Any CPU.Build.0 = Debug|Any CPU
		{C5D10D03-DDDB-41FE-BF72-B7DFD95EF174}.Ad-Hoc|iPhone.ActiveCfg = Debug|Any CPU
		{C5D10D03-DDDB-41FE-BF72-B7DFD95EF174}.Ad-Hoc|iPhone.Build.0 = Debug|Any CPU
		{C5D10D03-DDDB-41FE-BF72-B7DFD95EF174}.Ad-Hoc|iPhoneSimulator.ActiveCfg = Debug|Any CPU
		{C5D10D03-DDDB-41FE-BF72-B7DFD95EF174}.Ad-Hoc|iPhoneSimulator.Build.0 = Debug|Any CPU
		{C5D10D03-DDDB-41FE-BF72-B7DFD95EF174}.AppStore|Any CPU.ActiveCfg = Debug|Any CPU
		{C5D10D03-DDDB-41FE-BF72-B7DFD95EF174}.AppStore|Any CPU.Build.0 = Debug|Any CPU
		{C5D10D03-DDDB-41FE-BF72-B7DFD95EF174}.AppStore|iPhone.ActiveCfg = Debug|Any CPU
		{C5D10D03-DDDB-41FE-BF72-B7DFD95EF174}.AppStore|iPhone.Build.0 = Debug|Any CPU
		{C5D10D03-DDDB-41FE-BF72-B7DFD95EF174}.AppStore|iPhoneSimulator.ActiveCfg = Debug|Any CPU
		{C5D10D03-DDDB-41FE-BF72-B7DFD95EF174}.AppStore|iPhoneSimulator.Build.0 = Debug|Any CPU
		{C5D10D03-DDDB-41FE-BF72-B7DFD95EF174}.Debug|Any CPU.ActiveCfg = Debug|Any CPU
		{C5D10D03-DDDB-41FE-BF72-B7DFD95EF174}.Debug|Any CPU.Build.0 = Debug|Any CPU
		{C5D10D03-DDDB-41FE-BF72-B7DFD95EF174}.Debug|iPhone.ActiveCfg = Debug|Any CPU
		{C5D10D03-DDDB-41FE-BF72-B7DFD95EF174}.Debug|iPhone.Build.0 = Debug|Any CPU
		{C5D10D03-DDDB-41FE-BF72-B7DFD95EF174}.Debug|iPhoneSimulator.ActiveCfg = Debug|Any CPU
		{C5D10D03-DDDB-41FE-BF72-B7DFD95EF174}.Debug|iPhoneSimulator.Build.0 = Debug|Any CPU
		{C5D10D03-DDDB-41FE-BF72-B7DFD95EF174}.Release|Any CPU.ActiveCfg = Release|Any CPU
		{C5D10D03-DDDB-41FE-BF72-B7DFD95EF174}.Release|Any CPU.Build.0 = Release|Any CPU
		{C5D10D03-DDDB-41FE-BF72-B7DFD95EF174}.Release|iPhone.ActiveCfg = Release|Any CPU
		{C5D10D03-DDDB-41FE-BF72-B7DFD95EF174}.Release|iPhone.Build.0 = Release|Any CPU
		{C5D10D03-DDDB-41FE-BF72-B7DFD95EF174}.Release|iPhoneSimulator.ActiveCfg = Release|Any CPU
		{C5D10D03-DDDB-41FE-BF72-B7DFD95EF174}.Release|iPhoneSimulator.Build.0 = Release|Any CPU
	EndGlobalSection
	GlobalSection(SolutionProperties) = preSolution
		HideSolutionNode = FALSE
	EndGlobalSection
	GlobalSection(ExtensibilityGlobals) = postSolution
		SolutionGuid = {F42DE3E1-3AB1-4391-9F73-6D6BDDF7E587}
	EndGlobalSection
EndGlobal
